
Microsoft Visual Studio Solution File, Format Version 12.00
# Visual Studio Version 17
VisualStudioVersion = 17.4.33213.308
MinimumVisualStudioVersion = 10.0.40219.1
Project("{FAE04EC0-301F-11D3-BF4B-00C04F79EFBC}") = "Calculator", "Calculator\Calculator.csproj", "{F9A27CEE-FBF4-4F00-8CED-76475C844B5B}"
EndProject
Global
	GlobalSection(SolutionConfigurationPlatforms) = preSolution
		Debug|Any CPU = Debug|Any CPU
		Release|Any CPU = Release|Any CPU
	EndGlobalSection
	GlobalSection(ProjectConfigurationPlatforms) = postSolution
		{F9A27CEE-FBF4-4F00-8CED-76475C844B5B}.Debug|Any CPU.ActiveCfg = Debug|Any CPU
		{F9A27CEE-FBF4-4F00-8CED-76475C844B5B}.Debug|Any CPU.Build.0 = Debug|Any CPU
		{F9A27CEE-FBF4-4F00-8CED-76475C844B5B}.Release|Any CPU.ActiveCfg = Release|Any CPU
		{F9A27CEE-FBF4-4F00-8CED-76475C844B5B}.Release|Any CPU.Build.0 = Release|Any CPU
	EndGlobalSection
	GlobalSection(SolutionProperties) = preSolution
		HideSolutionNode = FALSE
	EndGlobalSection
	GlobalSection(ExtensibilityGlobals) = postSolution
		SolutionGuid = {F8019248-E988-4EF0-9E38-96B2F47AF891}
	EndGlobalSection
EndGlobal
